
Microsoft Visual Studio Solution File, Format Version 12.00
# Visual Studio Version 17
VisualStudioVersion = 17.8.34309.116
MinimumVisualStudioVersion = 10.0.40219.1
Project("{2150E333-8FDC-42A3-9474-1A3956D46DE8}") = "src", "src", "{6B11314A-1C45-4A5A-926C-48B77397D0CF}"
EndProject
Project("{2150E333-8FDC-42A3-9474-1A3956D46DE8}") = "test", "test", "{3D8812F1-A73C-49E1-8014-AE5E5583B25F}"
EndProject
Project("{2150E333-8FDC-42A3-9474-1A3956D46DE8}") = "Core", "Core", "{6ADE635A-6000-46BF-9719-5AF23A09759C}"
EndProject
Project("{9A19103F-16F7-4668-BE54-9A1E7A4F7556}") = "Domain", "src\Core\Domain\Domain.csproj", "{C310E382-CB21-4C6A-BCEA-C19FED2B816D}"
EndProject
Project("{9A19103F-16F7-4668-BE54-9A1E7A4F7556}") = "Application", "src\Core\Application\Application.csproj", "{C80AC57A-3D5D-4C5C-89ED-23FFA5E4D121}"
EndProject
Project("{9A19103F-16F7-4668-BE54-9A1E7A4F7556}") = "Infrastructure", "src\Core\Infrastructure\Infrastructure.csproj", "{316B74D1-095A-4EFF-B891-E41F720E6C18}"
EndProject
Project("{9A19103F-16F7-4668-BE54-9A1E7A4F7556}") = "Persistence", "src\Core\Persistence\Persistence.csproj", "{28856A37-1227-48E7-AC30-C050B207275D}"
EndProject
Project("{9A19103F-16F7-4668-BE54-9A1E7A4F7556}") = "Presentation", "src\Core\Presentation\Presentation.csproj", "{E56773A6-6C26-44B5-8825-05E92A6EA046}"
EndProject
Project("{FAE04EC0-301F-11D3-BF4B-00C04F79EFBC}") = "API", "src\Core\API\API.csproj", "{AA677525-9436-44B9-9F52-626949E71A8F}"
EndProject
Global
	GlobalSection(SolutionConfigurationPlatforms) = preSolution
		Debug|Any CPU = Debug|Any CPU
		Release|Any CPU = Release|Any CPU
	EndGlobalSection
	GlobalSection(ProjectConfigurationPlatforms) = postSolution
		{C310E382-CB21-4C6A-BCEA-C19FED2B816D}.Debug|Any CPU.ActiveCfg = Debug|Any CPU
		{C310E382-CB21-4C6A-BCEA-C19FED2B816D}.Debug|Any CPU.Build.0 = Debug|Any CPU
		{C310E382-CB21-4C6A-BCEA-C19FED2B816D}.Release|Any CPU.ActiveCfg = Release|Any CPU
		{C310E382-CB21-4C6A-BCEA-C19FED2B816D}.Release|Any CPU.Build.0 = Release|Any CPU
		{C80AC57A-3D5D-4C5C-89ED-23FFA5E4D121}.Debug|Any CPU.ActiveCfg = Debug|Any CPU
		{C80AC57A-3D5D-4C5C-89ED-23FFA5E4D121}.Debug|Any CPU.Build.0 = Debug|Any CPU
		{C80AC57A-3D5D-4C5C-89ED-23FFA5E4D121}.Release|Any CPU.ActiveCfg = Release|Any CPU
		{C80AC57A-3D5D-4C5C-89ED-23FFA5E4D121}.Release|Any CPU.Build.0 = Release|Any CPU
		{316B74D1-095A-4EFF-B891-E41F720E6C18}.Debug|Any CPU.ActiveCfg = Debug|Any CPU
		{316B74D1-095A-4EFF-B891-E41F720E6C18}.Debug|Any CPU.Build.0 = Debug|Any CPU
		{316B74D1-095A-4EFF-B891-E41F720E6C18}.Release|Any CPU.ActiveCfg = Release|Any CPU
		{316B74D1-095A-4EFF-B891-E41F720E6C18}.Release|Any CPU.Build.0 = Release|Any CPU
		{28856A37-1227-48E7-AC30-C050B207275D}.Debug|Any CPU.ActiveCfg = Debug|Any CPU
		{28856A37-1227-48E7-AC30-C050B207275D}.Debug|Any CPU.Build.0 = Debug|Any CPU
		{28856A37-1227-48E7-AC30-C050B207275D}.Release|Any CPU.ActiveCfg = Release|Any CPU
		{28856A37-1227-48E7-AC30-C050B207275D}.Release|Any CPU.Build.0 = Release|Any CPU
		{E56773A6-6C26-44B5-8825-05E92A6EA046}.Debug|Any CPU.ActiveCfg = Debug|Any CPU
		{E56773A6-6C26-44B5-8825-05E92A6EA046}.Debug|Any CPU.Build.0 = Debug|Any CPU
		{E56773A6-6C26-44B5-8825-05E92A6EA046}.Release|Any CPU.ActiveCfg = Release|Any CPU
		{E56773A6-6C26-44B5-8825-05E92A6EA046}.Release|Any CPU.Build.0 = Release|Any CPU
		{AA677525-9436-44B9-9F52-626949E71A8F}.Debug|Any CPU.ActiveCfg = Debug|Any CPU
		{AA677525-9436-44B9-9F52-626949E71A8F}.Debug|Any CPU.Build.0 = Debug|Any CPU
		{AA677525-9436-44B9-9F52-626949E71A8F}.Release|Any CPU.ActiveCfg = Release|Any CPU
		{AA677525-9436-44B9-9F52-626949E71A8F}.Release|Any CPU.Build.0 = Release|Any CPU
	EndGlobalSection
	GlobalSection(SolutionProperties) = preSolution
		HideSolutionNode = FALSE
	EndGlobalSection
	GlobalSection(NestedProjects) = preSolution
		{6ADE635A-6000-46BF-9719-5AF23A09759C} = {6B11314A-1C45-4A5A-926C-48B77397D0CF}
		{C310E382-CB21-4C6A-BCEA-C19FED2B816D} = {6ADE635A-6000-46BF-9719-5AF23A09759C}
		{C80AC57A-3D5D-4C5C-89ED-23FFA5E4D121} = {6ADE635A-6000-46BF-9719-5AF23A09759C}
		{316B74D1-095A-4EFF-B891-E41F720E6C18} = {6ADE635A-6000-46BF-9719-5AF23A09759C}
		{28856A37-1227-48E7-AC30-C050B207275D} = {6ADE635A-6000-46BF-9719-5AF23A09759C}
		{E56773A6-6C26-44B5-8825-05E92A6EA046} = {6ADE635A-6000-46BF-9719-5AF23A09759C}
		{AA677525-9436-44B9-9F52-626949E71A8F} = {6ADE635A-6000-46BF-9719-5AF23A09759C}
	EndGlobalSection
	GlobalSection(ExtensibilityGlobals) = postSolution
		SolutionGuid = {532F45AC-8C70-423E-8076-FD350FD0F8B2}
	EndGlobalSection
EndGlobal
